
Microsoft Visual Studio Solution File, Format Version 12.00
# Visual Studio Version 16
VisualStudioVersion = 16.0.31321.278
MinimumVisualStudioVersion = 10.0.40219.1
Project("{FAE04EC0-301F-11D3-BF4B-00C04F79EFBC}") = "Multithreading", "Multithreading\Multithreading.csproj", "{6D18E389-E80E-4807-8E86-E35DE55634CC}"
EndProject
Global
	GlobalSection(SolutionConfigurationPlatforms) = preSolution
		Debug|Any CPU = Debug|Any CPU
		Release|Any CPU = Release|Any CPU
	EndGlobalSection
	GlobalSection(ProjectConfigurationPlatforms) = postSolution
		{6D18E389-E80E-4807-8E86-E35DE55634CC}.Debug|Any CPU.ActiveCfg = Debug|Any CPU
		{6D18E389-E80E-4807-8E86-E35DE55634CC}.Debug|Any CPU.Build.0 = Debug|Any CPU
		{6D18E389-E80E-4807-8E86-E35DE55634CC}.Release|Any CPU.ActiveCfg = Release|Any CPU
		{6D18E389-E80E-4807-8E86-E35DE55634CC}.Release|Any CPU.Build.0 = Release|Any CPU
	EndGlobalSection
	GlobalSection(SolutionProperties) = preSolution
		HideSolutionNode = FALSE
	EndGlobalSection
	GlobalSection(ExtensibilityGlobals) = postSolution
		SolutionGuid = {0E88F767-644B-497A-991E-FC96CC32959C}
	EndGlobalSection
EndGlobal
